<?xml version="1.0"?>
<CONFIG>
  <ProjectOptions>
    <Version Value="9"/>
    <PathDelim Value="\"/>
    <General>
      <MainUnit Value="0"/>
      <ResourceType Value="res"/>
      <UseXPManifest Value="True"/>
      <Icon Value="0"/>
      <ActiveWindowIndexAtStart Value="0"/>
    </General>
    <i18n>
      <EnableI18N LFM="False"/>
    </i18n>
    <VersionInfo>
      <StringTable ProductVersion=""/>
    </VersionInfo>
    <BuildModes Count="1" Active="Default">
      <Item1 Name="Default" Default="True"/>
    </BuildModes>
    <PublishOptions>
      <Version Value="2"/>
      <IncludeFileFilter Value="*.(pas|pp|inc|lfm|lpr|lrs|lpi|lpk|sh|xml)"/>
      <ExcludeFileFilter Value="*.(bak|ppu|o|so);*~;backup"/>
    </PublishOptions>
    <RunParams>
      <local>
        <FormatVersion Value="1"/>
      </local>
    </RunParams>
    <RequiredPackages Count="5">
      <Item1>
        <PackageName Value="RunTimeTypeInfoControls"/>
        <MinVersion Minor="1" Valid="True"/>
      </Item1>
      <Item2>
        <PackageName Value="LazControls"/>
        <MinVersion Valid="True"/>
      </Item2>
      <Item3>
        <PackageName Value="FCL"/>
        <MinVersion Major="1" Valid="True"/>
      </Item3>
      <Item4>
        <PackageName Value="zcomponent"/>
        <MinVersion Major="7" Valid="True"/>
      </Item4>
      <Item5>
        <PackageName Value="LCL"/>
      </Item5>
    </RequiredPackages>
    <Units Count="35">
      <Unit0>
        <Filename Value="LancamentoExtrato.lpr"/>
        <IsPartOfProject Value="True"/>
        <UnitName Value="LancamentoExtrato"/>
        <WindowIndex Value="0"/>
        <TopLine Value="1"/>
        <CursorPos X="17" Y="11"/>
        <UsageCount Value="208"/>
      </Unit0>
      <Unit1>
        <Filename Value="unPrincipal.pas"/>
        <IsPartOfProject Value="True"/>
        <ComponentName Value="frmPrincipal"/>
        <ResourceBaseClass Value="Form"/>
        <UnitName Value="unPrincipal"/>
        <IsVisibleTab Value="True"/>
        <EditorIndex Value="0"/>
        <WindowIndex Value="0"/>
        <TopLine Value="2432"/>
        <CursorPos X="57" Y="2439"/>
        <UsageCount Value="208"/>
        <Bookmarks Count="5">
          <Item0 X="30" Y="2786" ID="4"/>
          <Item1 X="1" Y="3391" ID="9"/>
          <Item2 X="10" Y="2003" ID="3"/>
          <Item3 X="3" Y="3164" ID="2"/>
          <Item4 X="3" Y="1787" ID="1"/>
        </Bookmarks>
        <Loaded Value="True"/>
        <LoadedDesigner Value="True"/>
      </Unit1>
      <Unit2>
        <Filename Value="unDataModule.pas"/>
        <IsPartOfProject Value="True"/>
        <ComponentName Value="DataModule1"/>
        <ResourceBaseClass Value="DataModule"/>
        <UnitName Value="unDataModule"/>
        <EditorIndex Value="5"/>
        <WindowIndex Value="0"/>
        <TopLine Value="354"/>
        <CursorPos X="39" Y="366"/>
        <UsageCount Value="208"/>
        <Loaded Value="True"/>
        <LoadedDesigner Value="True"/>
      </Unit2>
      <Unit3>
        <Filename Value="D:\Intaladores\ZEOSDBO-7.0.3-stable\src\dbc\ZDbcInterbase6Utils.pas"/>
        <UnitName Value="ZDbcInterbase6Utils"/>
        <WindowIndex Value="0"/>
        <TopLine Value="813"/>
        <CursorPos X="34" Y="821"/>
        <UsageCount Value="4"/>
      </Unit3>
      <Unit4>
        <Filename Value="unListaCodigo.pas"/>
        <IsPartOfProject Value="True"/>
        <UnitName Value="unListaCodigo"/>
        <EditorIndex Value="6"/>
        <WindowIndex Value="0"/>
        <TopLine Value="45"/>
        <CursorPos X="20" Y="57"/>
        <UsageCount Value="200"/>
        <Loaded Value="True"/>
      </Unit4>
      <Unit5>
        <Filename Value="unGarbageCollector.pas"/>
        <IsPartOfProject Value="True"/>
        <UnitName Value="unGarbageCollector"/>
        <WindowIndex Value="0"/>
        <TopLine Value="1"/>
        <CursorPos X="29" Y="17"/>
        <UsageCount Value="201"/>
      </Unit5>
      <Unit6>
        <Filename Value="unUtilitario.pas"/>
        <IsPartOfProject Value="True"/>
        <UnitName Value="unUtilitario"/>
        <EditorIndex Value="2"/>
        <WindowIndex Value="0"/>
        <TopLine Value="123"/>
        <CursorPos X="24" Y="140"/>
        <UsageCount Value="204"/>
        <Loaded Value="True"/>
      </Unit6>
      <Unit7>
        <Filename Value="D:\Intaladores\ZEOSDBO-7.0.3-stable\src\component\ZAbstractRODataset.pas"/>
        <UnitName Value="ZAbstractRODataset"/>
        <WindowIndex Value="0"/>
        <TopLine Value="2865"/>
        <CursorPos X="1" Y="2886"/>
        <UsageCount Value="3"/>
      </Unit7>
      <Unit8>
        <Filename Value="D:\Intaladores\ZEOSDBO-7.0.3-stable\src\component\ZDatasetUtils.pas"/>
        <UnitName Value="ZDatasetUtils"/>
        <WindowIndex Value="0"/>
        <TopLine Value="582"/>
        <CursorPos X="18" Y="594"/>
        <UsageCount Value="3"/>
      </Unit8>
      <Unit9>
        <Filename Value="D:\Intaladores\ZEOSDBO-7.0.3-stable\src\dbc\ZDbcInterbase6.pas"/>
        <UnitName Value="ZDbcInterbase6"/>
        <WindowIndex Value="0"/>
        <TopLine Value="687"/>
        <CursorPos X="1" Y="708"/>
        <UsageCount Value="3"/>
      </Unit9>
      <Unit10>
        <Filename Value="unApresentacao.pas"/>
        <IsPartOfProject Value="True"/>
        <ComponentName Value="Apresentacao"/>
        <ResourceBaseClass Value="Frame"/>
        <UnitName Value="unApresentacao"/>
        <WindowIndex Value="0"/>
        <TopLine Value="1"/>
        <CursorPos X="11" Y="17"/>
        <UsageCount Value="201"/>
      </Unit10>
      <Unit11>
        <Filename Value="C:\lazarus\lcl\dialogs.pp"/>
        <UnitName Value="Dialogs"/>
        <WindowIndex Value="0"/>
        <TopLine Value="468"/>
        <CursorPos X="10" Y="489"/>
        <UsageCount Value="3"/>
      </Unit11>
      <Unit12>
        <Filename Value="C:\lazarus\lcl\include\messagedialogs.inc"/>
        <WindowIndex Value="0"/>
        <TopLine Value="96"/>
        <CursorPos X="39" Y="118"/>
        <UsageCount Value="3"/>
      </Unit12>
      <Unit13>
        <Filename Value="C:\lazarus\lcl\controls.pp"/>
        <UnitName Value="Controls"/>
        <WindowIndex Value="0"/>
        <TopLine Value="108"/>
        <CursorPos X="14" Y="126"/>
        <UsageCount Value="5"/>
      </Unit13>
      <Unit14>
        <Filename Value="unNovoCampo.pas"/>
        <IsPartOfProject Value="True"/>
        <ComponentName Value="frmNovoCampo"/>
        <ResourceBaseClass Value="Form"/>
        <UnitName Value="unNovoCampo"/>
        <EditorIndex Value="7"/>
        <WindowIndex Value="0"/>
        <TopLine Value="11"/>
        <CursorPos X="32" Y="27"/>
        <UsageCount Value="201"/>
        <Loaded Value="True"/>
        <LoadedDesigner Value="True"/>
      </Unit14>
      <Unit15>
        <Filename Value="C:\lazarus\lcl\include\customform.inc"/>
        <WindowIndex Value="0"/>
        <TopLine Value="1727"/>
        <CursorPos X="22" Y="1741"/>
        <UsageCount Value="6"/>
      </Unit15>
      <Unit16>
        <Filename Value="C:\lazarus\lcl\interfaces\win32\win32listsl.inc"/>
        <WindowIndex Value="0"/>
        <TopLine Value="151"/>
        <CursorPos X="33" Y="162"/>
        <UsageCount Value="2"/>
      </Unit16>
      <Unit17>
        <Filename Value="C:\lazarus\lcl\include\progressbar.inc"/>
        <WindowIndex Value="0"/>
        <TopLine Value="243"/>
        <CursorPos X="36" Y="258"/>
        <UsageCount Value="2"/>
      </Unit17>
      <Unit18>
        <Filename Value="C:\lazarus\lcl\include\wincontrol.inc"/>
        <WindowIndex Value="0"/>
        <TopLine Value="6397"/>
        <CursorPos X="13" Y="6412"/>
        <UsageCount Value="6"/>
      </Unit18>
      <Unit19>
        <Filename Value="..\..\Intaladores\ZEOSDBO-7.0.3-stable\src\dbc\ZDbcInterbase6Utils.pas"/>
        <UnitName Value="ZDbcInterbase6Utils"/>
        <WindowIndex Value="0"/>
        <TopLine Value="813"/>
        <CursorPos X="65" Y="832"/>
        <UsageCount Value="9"/>
      </Unit19>
      <Unit20>
        <Filename Value="unConsultar.pas"/>
        <IsPartOfProject Value="True"/>
        <ComponentName Value="frmConsultar"/>
        <ResourceBaseClass Value="Form"/>
        <UnitName Value="unConsultar"/>
        <EditorIndex Value="3"/>
        <WindowIndex Value="0"/>
        <TopLine Value="43"/>
        <CursorPos X="17" Y="58"/>
        <UsageCount Value="193"/>
        <Loaded Value="True"/>
        <LoadedDesigner Value="True"/>
      </Unit20>
      <Unit21>
        <Filename Value="unConsultarPlanoContas.pas"/>
        <IsPartOfProject Value="True"/>
        <ComponentName Value="frmConsultarPlanoContas"/>
        <ResourceBaseClass Value="Form"/>
        <UnitName Value="unConsultarPlanoContas"/>
        <EditorIndex Value="4"/>
        <WindowIndex Value="0"/>
        <TopLine Value="136"/>
        <CursorPos X="71" Y="170"/>
        <UsageCount Value="192"/>
        <Loaded Value="True"/>
        <LoadedDesigner Value="True"/>
      </Unit21>
      <Unit22>
        <Filename Value="..\..\Intaladores\Componentes Lazarus\ajlaz-ctrls\ajtooledit.pas"/>
        <UnitName Value="ajtooledit"/>
        <WindowIndex Value="0"/>
        <TopLine Value="1"/>
        <CursorPos X="18" Y="10"/>
        <UsageCount Value="4"/>
      </Unit22>
      <Unit23>
        <Filename Value="..\..\Intaladores\ZEOSDBO-7.0.3-stable\src\dbc\ZDbcCache.pas"/>
        <UnitName Value="ZDbcCache"/>
        <WindowIndex Value="0"/>
        <TopLine Value="680"/>
        <CursorPos X="30" Y="706"/>
        <UsageCount Value="7"/>
      </Unit23>
      <Unit24>
        <Filename Value="C:\lazarus\lcl\checklst.pas"/>
        <UnitName Value="CheckLst"/>
        <WindowIndex Value="0"/>
        <TopLine Value="1"/>
        <CursorPos X="22" Y="27"/>
        <UsageCount Value="3"/>
      </Unit24>
      <Unit25>
        <Filename Value="C:\lazarus\components\zeoslib\src\dbc\ZDbcInterbase6Utils.pas"/>
        <UnitName Value="ZDbcInterbase6Utils"/>
        <EditorIndex Value="1"/>
        <WindowIndex Value="0"/>
        <TopLine Value="813"/>
        <CursorPos X="46" Y="821"/>
        <UsageCount Value="22"/>
        <Loaded Value="True"/>
        <DefaultSyntaxHighlighter Value="Delphi"/>
      </Unit25>
      <Unit26>
        <Filename Value="C:\lazarus\components\zeoslib\src\dbc\ZDbcCache.pas"/>
        <UnitName Value="ZDbcCache"/>
        <WindowIndex Value="0"/>
        <TopLine Value="680"/>
        <CursorPos X="60" Y="695"/>
        <UsageCount Value="8"/>
        <DefaultSyntaxHighlighter Value="Delphi"/>
      </Unit26>
      <Unit27>
        <Filename Value="C:\lazarus\lcl\dbgrids.pas"/>
        <UnitName Value="DBGrids"/>
        <WindowIndex Value="0"/>
        <TopLine Value="539"/>
        <CursorPos X="27" Y="553"/>
        <UsageCount Value="18"/>
      </Unit27>
      <Unit28>
        <Filename Value="C:\lazarus\lcl\maskedit.pp"/>
        <UnitName Value="MaskEdit"/>
        <WindowIndex Value="0"/>
        <TopLine Value="1154"/>
        <CursorPos X="26" Y="1171"/>
        <UsageCount Value="3"/>
      </Unit28>
      <Unit29>
        <Filename Value="C:\lazarus\lcl\stdctrls.pp"/>
        <UnitName Value="StdCtrls"/>
        <WindowIndex Value="0"/>
        <TopLine Value="669"/>
        <CursorPos X="34" Y="690"/>
        <UsageCount Value="2"/>
      </Unit29>
      <Unit30>
        <Filename Value="C:\lazarus\lcl\include\customcombobox.inc"/>
        <WindowIndex Value="0"/>
        <TopLine Value="906"/>
        <CursorPos X="24" Y="926"/>
        <UsageCount Value="6"/>
      </Unit30>
      <Unit31>
        <Filename Value="C:\lazarus\ideintf\objectinspector.pp"/>
        <ComponentName Value="ObjectInspectorDlg"/>
        <HasResources Value="True"/>
        <ResourceBaseClass Value="Form"/>
        <UnitName Value="ObjectInspector"/>
        <WindowIndex Value="0"/>
        <TopLine Value="27"/>
        <CursorPos X="3" Y="48"/>
        <UsageCount Value="1"/>
      </Unit31>
      <Unit32>
        <Filename Value="C:\lazarus\components\sqldb\registersqldb.pas"/>
        <UnitName Value="registersqldb"/>
        <WindowIndex Value="0"/>
        <TopLine Value="71"/>
        <CursorPos X="38" Y="92"/>
        <UsageCount Value="1"/>
      </Unit32>
      <Unit33>
        <Filename Value="C:\lazarus\components\sqldb\sqlstringspropertyeditordlg.pas"/>
        <UnitName Value="SQLStringsPropertyEditorDlg"/>
        <WindowIndex Value="0"/>
        <TopLine Value="61"/>
        <CursorPos X="3" Y="82"/>
        <UsageCount Value="1"/>
      </Unit33>
      <Unit34>
        <Filename Value="C:\lazarus\lcl\include\control.inc"/>
        <WindowIndex Value="0"/>
        <TopLine Value="2693"/>
        <CursorPos X="44" Y="2710"/>
        <UsageCount Value="6"/>
      </Unit34>
    </Units>
    <JumpHistory Count="30" HistoryIndex="29">
      <Position1>
        <Filename Value="unPrincipal.pas"/>
        <Caret Line="3934" Column="56" TopLine="3914"/>
      </Position1>
      <Position2>
        <Filename Value="unPrincipal.pas"/>
        <Caret Line="3979" Column="37" TopLine="3959"/>
      </Position2>
      <Position3>
        <Filename Value="unPrincipal.pas"/>
        <Caret Line="3980" Column="37" TopLine="3960"/>
      </Position3>
      <Position4>
        <Filename Value="unPrincipal.pas"/>
        <Caret Line="3979" Column="37" TopLine="3959"/>
      </Position4>
      <Position5>
        <Filename Value="unPrincipal.pas"/>
        <Caret Line="3980" Column="37" TopLine="3960"/>
      </Position5>
      <Position6>
        <Filename Value="unPrincipal.pas"/>
        <Caret Line="3981" Column="37" TopLine="3961"/>
      </Position6>
      <Position7>
        <Filename Value="unPrincipal.pas"/>
        <Caret Line="3982" Column="37" TopLine="3962"/>
      </Position7>
      <Position8>
        <Filename Value="unPrincipal.pas"/>
        <Caret Line="3983" Column="37" TopLine="3963"/>
      </Position8>
      <Position9>
        <Filename Value="unPrincipal.pas"/>
        <Caret Line="3984" Column="37" TopLine="3964"/>
      </Position9>
      <Position10>
        <Filename Value="unPrincipal.pas"/>
        <Caret Line="3985" Column="37" TopLine="3965"/>
      </Position10>
      <Position11>
        <Filename Value="unPrincipal.pas"/>
        <Caret Line="3785" Column="3" TopLine="3781"/>
      </Position11>
      <Position12>
        <Filename Value="unPrincipal.pas"/>
        <Caret Line="3909" Column="3" TopLine="3906"/>
      </Position12>
      <Position13>
        <Filename Value="unPrincipal.pas"/>
        <Caret Line="3886" Column="3" TopLine="3883"/>
      </Position13>
      <Position14>
        <Filename Value="unPrincipal.pas"/>
        <Caret Line="3891" Column="28" TopLine="3890"/>
      </Position14>
      <Position15>
        <Filename Value="unPrincipal.pas"/>
        <Caret Line="53" Column="17" TopLine="32"/>
      </Position15>
      <Position16>
        <Filename Value="unPrincipal.pas"/>
        <Caret Line="220" Column="27" TopLine="186"/>
      </Position16>
      <Position17>
        <Filename Value="unPrincipal.pas"/>
        <Caret Line="1630" Column="54" TopLine="1605"/>
      </Position17>
      <Position18>
        <Filename Value="unDataModule.pas"/>
        <Caret Line="518" Column="22" TopLine="516"/>
      </Position18>
      <Position19>
        <Filename Value="unDataModule.pas"/>
        <Caret Line="81" Column="15" TopLine="60"/>
      </Position19>
      <Position20>
        <Filename Value="unDataModule.pas"/>
        <Caret Line="40" Column="22" TopLine="19"/>
      </Position20>
      <Position21>
        <Filename Value="unDataModule.pas"/>
        <Caret Line="100" Column="72" TopLine="66"/>
      </Position21>
      <Position22>
        <Filename Value="unPrincipal.pas"/>
        <Caret Line="1621" Column="32" TopLine="1605"/>
      </Position22>
      <Position23>
        <Filename Value="unPrincipal.pas"/>
        <Caret Line="1630" Column="53" TopLine="1605"/>
      </Position23>
      <Position24>
        <Filename Value="unPrincipal.pas"/>
        <Caret Line="3978" Column="15" TopLine="3972"/>
      </Position24>
      <Position25>
        <Filename Value="unPrincipal.pas"/>
        <Caret Line="409" Column="15" TopLine="358"/>
      </Position25>
      <Position26>
        <Filename Value="unPrincipal.pas"/>
        <Caret Line="3191" Column="43" TopLine="3178"/>
      </Position26>
      <Position27>
        <Filename Value="unPrincipal.pas"/>
        <Caret Line="3260" Column="7" TopLine="3258"/>
      </Position27>
      <Position28>
        <Filename Value="unPrincipal.pas"/>
        <Caret Line="1787" Column="19" TopLine="1783"/>
      </Position28>
      <Position29>
        <Filename Value="unPrincipal.pas"/>
        <Caret Line="1792" Column="30" TopLine="1775"/>
      </Position29>
      <Position30>
        <Filename Value="unPrincipal.pas"/>
        <Caret Line="3393" Column="13" TopLine="3390"/>
      </Position30>
    </JumpHistory>
  </ProjectOptions>
  <CompilerOptions>
    <Version Value="9"/>
    <PathDelim Value="\"/>
    <Target>
      <Filename Value="LancamentoExtrato"/>
    </Target>
    <SearchPaths>
      <IncludeFiles Value="$(ProjOutDir)"/>
      <UnitOutputDirectory Value="lib\$(TargetCPU)-$(TargetOS)"/>
    </SearchPaths>
    <Linking>
      <Options>
        <Win32>
          <GraphicApplication Value="True"/>
        </Win32>
      </Options>
    </Linking>
    <Other>
      <CompilerPath Value="$(CompPath)"/>
    </Other>
  </CompilerOptions>
  <Debugging>
    <Watches Count="14">
      <Item1>
        <Expression Value="DataModule1.Conexao"/>
        <Enabled Value="False"/>
      </Item1>
      <Item2>
        <Expression Value="lComando"/>
        <Enabled Value="False"/>
      </Item2>
      <Item3>
        <Expression Value="FIndexFields"/>
        <Enabled Value="False"/>
      </Item3>
      <Item4>
        <Expression Value="DataModule1.MascaraPlanoContas"/>
        <Enabled Value="False"/>
      </Item4>
      <Item5>
        <Expression Value="EZSQLException"/>
        <Enabled Value="False"/>
      </Item5>
      <Item6>
        <Expression Value="DataModule1.GravarListaCampos"/>
        <Enabled Value="False"/>
      </Item6>
      <Item7>
        <Expression Value="AWinControl"/>
        <Enabled Value="False"/>
      </Item7>
      <Item8>
        <Expression Value="CamposLayout"/>
        <Enabled Value="False"/>
      </Item8>
      <Item9>
        <Expression Value="DataModule1.qPlanoContas"/>
        <Enabled Value="False"/>
      </Item9>
      <Item10>
        <Expression Value="bounds"/>
        <Enabled Value="False"/>
      </Item10>
      <Item11>
        <Expression Value="qExecutar.ExecSQL"/>
        <Enabled Value="False"/>
      </Item11>
      <Item12>
        <Expression Value="State"/>
        <Enabled Value="False"/>
      </Item12>
      <Item13>
        <Expression Value="ControlStyle"/>
        <Enabled Value="False"/>
      </Item13>
      <Item14>
        <Expression Value="(lTam - i) mod 3"/>
      </Item14>
    </Watches>
    <Exceptions Count="3">
      <Item1>
        <Name Value="EAbort"/>
      </Item1>
      <Item2>
        <Name Value="ECodetoolError"/>
      </Item2>
      <Item3>
        <Name Value="EFOpenError"/>
      </Item3>
    </Exceptions>
  </Debugging>
</CONFIG>
