<?xml version="1.0"?>
<CONFIG>
  <ProjectOptions>
    <Version Value="9"/>
    <PathDelim Value="\"/>
    <General>
      <MainUnit Value="0"/>
      <ResourceType Value="res"/>
      <UseXPManifest Value="True"/>
      <Icon Value="0"/>
      <ActiveWindowIndexAtStart Value="0"/>
    </General>
    <i18n>
      <EnableI18N LFM="False"/>
    </i18n>
    <VersionInfo>
      <StringTable ProductVersion=""/>
    </VersionInfo>
    <BuildModes Count="1" Active="Default">
      <Item1 Name="Default" Default="True"/>
    </BuildModes>
    <PublishOptions>
      <Version Value="2"/>
      <IncludeFileFilter Value="*.(pas|pp|inc|lfm|lpr|lrs|lpi|lpk|sh|xml)"/>
      <ExcludeFileFilter Value="*.(bak|ppu|o|so);*~;backup"/>
    </PublishOptions>
    <RunParams>
      <local>
        <FormatVersion Value="1"/>
      </local>
    </RunParams>
    <RequiredPackages Count="4">
      <Item1>
        <PackageName Value="LazControls"/>
        <MinVersion Valid="True"/>
      </Item1>
      <Item2>
        <PackageName Value="FCL"/>
        <MinVersion Major="1" Valid="True"/>
      </Item2>
      <Item3>
        <PackageName Value="zcomponent"/>
        <MinVersion Major="7" Valid="True"/>
      </Item3>
      <Item4>
        <PackageName Value="LCL"/>
      </Item4>
    </RequiredPackages>
    <Units Count="12">
      <Unit0>
        <Filename Value="LancamentoExtrato.lpr"/>
        <IsPartOfProject Value="True"/>
        <UnitName Value="LancamentoExtrato"/>
        <WindowIndex Value="0"/>
        <TopLine Value="1"/>
        <CursorPos X="33" Y="16"/>
        <UsageCount Value="61"/>
      </Unit0>
      <Unit1>
        <Filename Value="unPrincipal.pas"/>
        <IsPartOfProject Value="True"/>
        <ComponentName Value="frmPrincipal"/>
        <ResourceBaseClass Value="Form"/>
        <UnitName Value="unPrincipal"/>
        <IsVisibleTab Value="True"/>
        <EditorIndex Value="0"/>
        <WindowIndex Value="0"/>
        <TopLine Value="595"/>
        <CursorPos X="81" Y="603"/>
        <UsageCount Value="61"/>
        <Loaded Value="True"/>
        <LoadedDesigner Value="True"/>
      </Unit1>
      <Unit2>
        <Filename Value="unDataModule.pas"/>
        <IsPartOfProject Value="True"/>
        <ComponentName Value="DataModule1"/>
        <ResourceBaseClass Value="DataModule"/>
        <UnitName Value="unDataModule"/>
        <EditorIndex Value="4"/>
        <WindowIndex Value="0"/>
        <TopLine Value="248"/>
        <CursorPos X="22" Y="250"/>
        <UsageCount Value="61"/>
        <Bookmarks Count="1">
          <Item0 X="14" Y="37" ID="1"/>
        </Bookmarks>
        <Loaded Value="True"/>
        <LoadedDesigner Value="True"/>
      </Unit2>
      <Unit3>
        <Filename Value="C:\lazarus\lcl\include\control.inc"/>
        <WindowIndex Value="0"/>
        <TopLine Value="2787"/>
        <CursorPos X="1" Y="2808"/>
        <UsageCount Value="6"/>
      </Unit3>
      <Unit4>
        <Filename Value="D:\Intaladores\ZEOSDBO-7.0.3-stable\src\dbc\ZDbcInterbase6Utils.pas"/>
        <UnitName Value="ZDbcInterbase6Utils"/>
        <WindowIndex Value="0"/>
        <TopLine Value="813"/>
        <CursorPos X="34" Y="821"/>
        <UsageCount Value="17"/>
      </Unit4>
      <Unit5>
        <Filename Value="unListaCodigo.pas"/>
        <IsPartOfProject Value="True"/>
        <UnitName Value="unListaCodigo"/>
        <EditorIndex Value="3"/>
        <WindowIndex Value="0"/>
        <TopLine Value="1"/>
        <CursorPos X="27" Y="31"/>
        <UsageCount Value="40"/>
        <Loaded Value="True"/>
      </Unit5>
      <Unit6>
        <Filename Value="unGarbageCollector.pas"/>
        <IsPartOfProject Value="True"/>
        <UnitName Value="unGarbageCollector"/>
        <EditorIndex Value="2"/>
        <WindowIndex Value="0"/>
        <TopLine Value="11"/>
        <CursorPos X="36" Y="42"/>
        <UsageCount Value="39"/>
        <Loaded Value="True"/>
      </Unit6>
      <Unit7>
        <Filename Value="C:\lazarus\fpc\2.6.0\source\rtl\objpas\sysutils\sysutilh.inc"/>
        <WindowIndex Value="0"/>
        <TopLine Value="264"/>
        <CursorPos X="13" Y="285"/>
        <UsageCount Value="8"/>
      </Unit7>
      <Unit8>
        <Filename Value="unUtilitario.pas"/>
        <IsPartOfProject Value="True"/>
        <UnitName Value="unUtilitario"/>
        <EditorIndex Value="1"/>
        <WindowIndex Value="0"/>
        <TopLine Value="69"/>
        <CursorPos X="21" Y="106"/>
        <UsageCount Value="33"/>
        <Loaded Value="True"/>
      </Unit8>
      <Unit9>
        <Filename Value="C:\lazarus\lcl\dialogs.pp"/>
        <UnitName Value="Dialogs"/>
        <WindowIndex Value="0"/>
        <TopLine Value="46"/>
        <CursorPos X="24" Y="60"/>
        <UsageCount Value="13"/>
      </Unit9>
      <Unit10>
        <Filename Value="C:\lazarus\lcl\include\application.inc"/>
        <WindowIndex Value="0"/>
        <TopLine Value="2066"/>
        <CursorPos X="26" Y="2080"/>
        <UsageCount Value="9"/>
      </Unit10>
      <Unit11>
        <Filename Value="D:\Intaladores\ZEOSDBO-7.0.3-stable\src\component\ZAbstractRODataset.pas"/>
        <UnitName Value="ZAbstractRODataset"/>
        <WindowIndex Value="0"/>
        <TopLine Value="589"/>
        <CursorPos X="34" Y="604"/>
        <UsageCount Value="9"/>
      </Unit11>
    </Units>
    <JumpHistory Count="30" HistoryIndex="29">
      <Position1>
        <Filename Value="unPrincipal.pas"/>
        <Caret Line="524" Column="3" TopLine="522"/>
      </Position1>
      <Position2>
        <Filename Value="unPrincipal.pas"/>
        <Caret Line="525" Column="3" TopLine="523"/>
      </Position2>
      <Position3>
        <Filename Value="unPrincipal.pas"/>
        <Caret Line="526" Column="3" TopLine="524"/>
      </Position3>
      <Position4>
        <Filename Value="unPrincipal.pas"/>
        <Caret Line="525" Column="3" TopLine="523"/>
      </Position4>
      <Position5>
        <Filename Value="unPrincipal.pas"/>
        <Caret Line="524" Column="3" TopLine="522"/>
      </Position5>
      <Position6>
        <Filename Value="unPrincipal.pas"/>
        <Caret Line="523" Column="3" TopLine="521"/>
      </Position6>
      <Position7>
        <Filename Value="unPrincipal.pas"/>
        <Caret Line="522" Column="3" TopLine="520"/>
      </Position7>
      <Position8>
        <Filename Value="unPrincipal.pas"/>
        <Caret Line="521" Column="3" TopLine="519"/>
      </Position8>
      <Position9>
        <Filename Value="unPrincipal.pas"/>
        <Caret Line="520" Column="3" TopLine="518"/>
      </Position9>
      <Position10>
        <Filename Value="unPrincipal.pas"/>
        <Caret Line="521" Column="3" TopLine="519"/>
      </Position10>
      <Position11>
        <Filename Value="unPrincipal.pas"/>
        <Caret Line="522" Column="3" TopLine="520"/>
      </Position11>
      <Position12>
        <Filename Value="unPrincipal.pas"/>
        <Caret Line="523" Column="3" TopLine="521"/>
      </Position12>
      <Position13>
        <Filename Value="unPrincipal.pas"/>
        <Caret Line="524" Column="3" TopLine="522"/>
      </Position13>
      <Position14>
        <Filename Value="unPrincipal.pas"/>
        <Caret Line="559" Column="3" TopLine="557"/>
      </Position14>
      <Position15>
        <Filename Value="unPrincipal.pas"/>
        <Caret Line="558" Column="3" TopLine="556"/>
      </Position15>
      <Position16>
        <Filename Value="unPrincipal.pas"/>
        <Caret Line="559" Column="3" TopLine="557"/>
      </Position16>
      <Position17>
        <Filename Value="unPrincipal.pas"/>
        <Caret Line="560" Column="3" TopLine="558"/>
      </Position17>
      <Position18>
        <Filename Value="unPrincipal.pas"/>
        <Caret Line="561" Column="3" TopLine="559"/>
      </Position18>
      <Position19>
        <Filename Value="unPrincipal.pas"/>
        <Caret Line="560" Column="3" TopLine="558"/>
      </Position19>
      <Position20>
        <Filename Value="unPrincipal.pas"/>
        <Caret Line="561" Column="3" TopLine="559"/>
      </Position20>
      <Position21>
        <Filename Value="unPrincipal.pas"/>
        <Caret Line="560" Column="3" TopLine="558"/>
      </Position21>
      <Position22>
        <Filename Value="unPrincipal.pas"/>
        <Caret Line="561" Column="3" TopLine="559"/>
      </Position22>
      <Position23>
        <Filename Value="unPrincipal.pas"/>
        <Caret Line="560" Column="3" TopLine="558"/>
      </Position23>
      <Position24>
        <Filename Value="unPrincipal.pas"/>
        <Caret Line="561" Column="3" TopLine="559"/>
      </Position24>
      <Position25>
        <Filename Value="unPrincipal.pas"/>
        <Caret Line="562" Column="3" TopLine="560"/>
      </Position25>
      <Position26>
        <Filename Value="unPrincipal.pas"/>
        <Caret Line="563" Column="3" TopLine="561"/>
      </Position26>
      <Position27>
        <Filename Value="unPrincipal.pas"/>
        <Caret Line="564" Column="3" TopLine="562"/>
      </Position27>
      <Position28>
        <Filename Value="unPrincipal.pas"/>
        <Caret Line="603" Column="86" TopLine="577"/>
      </Position28>
      <Position29>
        <Filename Value="unPrincipal.pas"/>
        <Caret Line="606" Column="9" TopLine="577"/>
      </Position29>
      <Position30>
        <Filename Value="unPrincipal.pas"/>
        <Caret Line="603" Column="80" TopLine="592"/>
      </Position30>
    </JumpHistory>
  </ProjectOptions>
  <CompilerOptions>
    <Version Value="9"/>
    <PathDelim Value="\"/>
    <Target>
      <Filename Value="LancamentoExtrato"/>
    </Target>
    <SearchPaths>
      <IncludeFiles Value="$(ProjOutDir)"/>
      <UnitOutputDirectory Value="lib\$(TargetCPU)-$(TargetOS)"/>
    </SearchPaths>
    <Linking>
      <Options>
        <Win32>
          <GraphicApplication Value="True"/>
        </Win32>
      </Options>
    </Linking>
    <Other>
      <CompilerPath Value="$(CompPath)"/>
    </Other>
  </CompilerOptions>
  <Debugging>
    <Watches Count="3">
      <Item1>
        <Expression Value="DataModule1.Conexao"/>
        <Enabled Value="False"/>
      </Item1>
      <Item2>
        <Expression Value="lComando"/>
        <Enabled Value="False"/>
      </Item2>
      <Item3>
        <Expression Value="FIndexFields"/>
        <Enabled Value="False"/>
      </Item3>
    </Watches>
    <Exceptions Count="3">
      <Item1>
        <Name Value="EAbort"/>
      </Item1>
      <Item2>
        <Name Value="ECodetoolError"/>
      </Item2>
      <Item3>
        <Name Value="EFOpenError"/>
      </Item3>
    </Exceptions>
  </Debugging>
</CONFIG>
