<?xml version="1.0"?>
<CONFIG>
  <ProjectOptions>
    <Version Value="9"/>
    <PathDelim Value="\"/>
    <General>
      <MainUnit Value="0"/>
      <ResourceType Value="res"/>
      <UseXPManifest Value="True"/>
      <Icon Value="0"/>
      <ActiveWindowIndexAtStart Value="0"/>
    </General>
    <i18n>
      <EnableI18N LFM="False"/>
    </i18n>
    <VersionInfo>
      <StringTable ProductVersion=""/>
    </VersionInfo>
    <BuildModes Count="1" Active="Default">
      <Item1 Name="Default" Default="True"/>
    </BuildModes>
    <PublishOptions>
      <Version Value="2"/>
      <IncludeFileFilter Value="*.(pas|pp|inc|lfm|lpr|lrs|lpi|lpk|sh|xml)"/>
      <ExcludeFileFilter Value="*.(bak|ppu|o|so);*~;backup"/>
    </PublishOptions>
    <RunParams>
      <local>
        <FormatVersion Value="1"/>
      </local>
    </RunParams>
    <RequiredPackages Count="7">
      <Item1>
        <PackageName Value="laz_fpspreadsheet"/>
      </Item1>
      <Item2>
        <PackageName Value="LazUtils"/>
        <MinVersion Major="1" Valid="True"/>
      </Item2>
      <Item3>
        <PackageName Value="RunTimeTypeInfoControls"/>
        <MinVersion Minor="1" Valid="True"/>
      </Item3>
      <Item4>
        <PackageName Value="LazControls"/>
        <MinVersion Valid="True"/>
      </Item4>
      <Item5>
        <PackageName Value="FCL"/>
        <MinVersion Major="1" Valid="True"/>
      </Item5>
      <Item6>
        <PackageName Value="zcomponent"/>
        <MinVersion Major="7" Valid="True"/>
      </Item6>
      <Item7>
        <PackageName Value="LCL"/>
      </Item7>
    </RequiredPackages>
    <Units Count="24">
      <Unit0>
        <Filename Value="LancamentoExtrato.lpr"/>
        <IsPartOfProject Value="True"/>
        <UnitName Value="LancamentoExtrato"/>
        <EditorIndex Value="3"/>
        <WindowIndex Value="0"/>
        <TopLine Value="1"/>
        <CursorPos X="40" Y="15"/>
        <UsageCount Value="208"/>
        <Loaded Value="True"/>
      </Unit0>
      <Unit1>
        <Filename Value="unPrincipal.pas"/>
        <IsPartOfProject Value="True"/>
        <ComponentName Value="frmPrincipal"/>
        <HasResources Value="True"/>
        <ResourceBaseClass Value="Form"/>
        <UnitName Value="unPrincipal"/>
        <IsVisibleTab Value="True"/>
        <EditorIndex Value="1"/>
        <WindowIndex Value="0"/>
        <TopLine Value="4560"/>
        <CursorPos X="41" Y="4589"/>
        <UsageCount Value="208"/>
        <Bookmarks Count="3">
          <Item0 X="14" Y="2269" ID="2"/>
          <Item1 X="3" Y="2366" ID="3"/>
          <Item2 X="11" Y="3508" ID="1"/>
        </Bookmarks>
        <Loaded Value="True"/>
        <LoadedDesigner Value="True"/>
      </Unit1>
      <Unit2>
        <Filename Value="unDataModule.pas"/>
        <IsPartOfProject Value="True"/>
        <ComponentName Value="DataModule1"/>
        <HasResources Value="True"/>
        <ResourceBaseClass Value="DataModule"/>
        <UnitName Value="unDataModule"/>
        <EditorIndex Value="4"/>
        <WindowIndex Value="0"/>
        <TopLine Value="148"/>
        <CursorPos X="48" Y="164"/>
        <UsageCount Value="208"/>
        <Bookmarks Count="2">
          <Item0 X="42" Y="378" ID="4"/>
          <Item1 X="3" Y="529" ID="9"/>
        </Bookmarks>
        <Loaded Value="True"/>
        <LoadedDesigner Value="True"/>
      </Unit2>
      <Unit3>
        <Filename Value="unListaCodigo.pas"/>
        <IsPartOfProject Value="True"/>
        <UnitName Value="unListaCodigo"/>
        <WindowIndex Value="0"/>
        <TopLine Value="40"/>
        <CursorPos X="25" Y="62"/>
        <UsageCount Value="200"/>
      </Unit3>
      <Unit4>
        <Filename Value="unGarbageCollector.pas"/>
        <IsPartOfProject Value="True"/>
        <UnitName Value="unGarbageCollector"/>
        <WindowIndex Value="0"/>
        <TopLine Value="6"/>
        <CursorPos X="37" Y="14"/>
        <UsageCount Value="201"/>
      </Unit4>
      <Unit5>
        <Filename Value="unUtilitario.pas"/>
        <IsPartOfProject Value="True"/>
        <UnitName Value="unUtilitario"/>
        <WindowIndex Value="0"/>
        <TopLine Value="123"/>
        <CursorPos X="24" Y="140"/>
        <UsageCount Value="204"/>
      </Unit5>
      <Unit6>
        <Filename Value="unApresentacao.pas"/>
        <IsPartOfProject Value="True"/>
        <ComponentName Value="Apresentacao"/>
        <HasResources Value="True"/>
        <ResourceBaseClass Value="Frame"/>
        <UnitName Value="unApresentacao"/>
        <EditorIndex Value="0"/>
        <WindowIndex Value="0"/>
        <TopLine Value="1"/>
        <CursorPos X="19" Y="7"/>
        <UsageCount Value="201"/>
        <Loaded Value="True"/>
        <LoadedDesigner Value="True"/>
      </Unit6>
      <Unit7>
        <Filename Value="unNovoCampo.pas"/>
        <IsPartOfProject Value="True"/>
        <ComponentName Value="frmNovoCampo"/>
        <HasResources Value="True"/>
        <ResourceBaseClass Value="Form"/>
        <UnitName Value="unNovoCampo"/>
        <WindowIndex Value="0"/>
        <TopLine Value="6"/>
        <CursorPos X="32" Y="27"/>
        <UsageCount Value="201"/>
      </Unit7>
      <Unit8>
        <Filename Value="C:\lazarus\lcl\include\customform.inc"/>
        <WindowIndex Value="0"/>
        <TopLine Value="1727"/>
        <CursorPos X="31" Y="1738"/>
        <UsageCount Value="4"/>
      </Unit8>
      <Unit9>
        <Filename Value="..\..\Intaladores\ZEOSDBO-7.0.3-stable\src\dbc\ZDbcInterbase6Utils.pas"/>
        <UnitName Value="ZDbcInterbase6Utils"/>
        <WindowIndex Value="0"/>
        <TopLine Value="813"/>
        <CursorPos X="65" Y="832"/>
        <UsageCount Value="5"/>
      </Unit9>
      <Unit10>
        <Filename Value="unConsultar.pas"/>
        <IsPartOfProject Value="True"/>
        <ComponentName Value="frmConsultar"/>
        <HasResources Value="True"/>
        <ResourceBaseClass Value="Form"/>
        <UnitName Value="unConsultar"/>
        <WindowIndex Value="0"/>
        <TopLine Value="38"/>
        <CursorPos X="17" Y="58"/>
        <UsageCount Value="200"/>
      </Unit10>
      <Unit11>
        <Filename Value="unConsultarPlanoContas.pas"/>
        <IsPartOfProject Value="True"/>
        <ComponentName Value="frmConsultarPlanoContas"/>
        <HasResources Value="True"/>
        <ResourceBaseClass Value="Form"/>
        <UnitName Value="unConsultarPlanoContas"/>
        <WindowIndex Value="0"/>
        <TopLine Value="131"/>
        <CursorPos X="35" Y="137"/>
        <UsageCount Value="200"/>
      </Unit11>
      <Unit12>
        <Filename Value="C:\lazarus\components\zeoslib\src\dbc\ZDbcInterbase6Utils.pas"/>
        <UnitName Value="ZDbcInterbase6Utils"/>
        <WindowIndex Value="0"/>
        <TopLine Value="813"/>
        <CursorPos X="53" Y="830"/>
        <UsageCount Value="66"/>
        <DefaultSyntaxHighlighter Value="Delphi"/>
      </Unit12>
      <Unit13>
        <Filename Value="C:\lazarus\lcl\dbgrids.pas"/>
        <UnitName Value="DBGrids"/>
        <WindowIndex Value="0"/>
        <TopLine Value="539"/>
        <CursorPos X="27" Y="553"/>
        <UsageCount Value="4"/>
      </Unit13>
      <Unit14>
        <Filename Value="C:\lazarus\lcl\stdctrls.pp"/>
        <UnitName Value="StdCtrls"/>
        <WindowIndex Value="0"/>
        <TopLine Value="671"/>
        <CursorPos X="21" Y="692"/>
        <UsageCount Value="6"/>
      </Unit14>
      <Unit15>
        <Filename Value="C:\lazarus\lcl\include\control.inc"/>
        <WindowIndex Value="0"/>
        <TopLine Value="1"/>
        <CursorPos X="1" Y="1"/>
        <UsageCount Value="45"/>
      </Unit15>
      <Unit16>
        <Filename Value="MemoryTable.pas"/>
        <IsPartOfProject Value="True"/>
        <UnitName Value="MemoryTable"/>
        <WindowIndex Value="0"/>
        <TopLine Value="77"/>
        <CursorPos X="32" Y="86"/>
        <UsageCount Value="112"/>
      </Unit16>
      <Unit17>
        <Filename Value="C:\lazarus\fpc\2.6.0\source\rtl\objpas\classes\classesh.inc"/>
        <WindowIndex Value="0"/>
        <TopLine Value="1643"/>
        <CursorPos X="14" Y="1666"/>
        <UsageCount Value="8"/>
      </Unit17>
      <Unit18>
        <Filename Value="C:\lazarus\components\lazutils\lazutils.lpk"/>
        <WindowIndex Value="0"/>
        <TopLine Value="196"/>
        <CursorPos X="1" Y="1"/>
        <UsageCount Value="5"/>
        <DefaultSyntaxHighlighter Value="XML"/>
      </Unit18>
      <Unit19>
        <Filename Value="C:\lazarus\components\fpspreadsheet\fpspreadsheet.pas"/>
        <UnitName Value="fpspreadsheet"/>
        <WindowIndex Value="0"/>
        <TopLine Value="3"/>
        <CursorPos X="42" Y="22"/>
        <UsageCount Value="5"/>
      </Unit19>
      <Unit20>
        <Filename Value="C:\lazarus\components\lazutils\laz_dom.pas"/>
        <UnitName Value="Laz_DOM"/>
        <WindowIndex Value="0"/>
        <TopLine Value="1"/>
        <CursorPos X="1" Y="1"/>
        <UsageCount Value="5"/>
      </Unit20>
      <Unit21>
        <Filename Value="C:\lazarus\components\ZEOSDBO-7.0.3-stable\src\dbc\ZDbcInterbase6Utils.pas"/>
        <UnitName Value="ZDbcInterbase6Utils"/>
        <EditorIndex Value="6"/>
        <WindowIndex Value="0"/>
        <TopLine Value="814"/>
        <CursorPos X="78" Y="829"/>
        <UsageCount Value="15"/>
        <Loaded Value="True"/>
        <DefaultSyntaxHighlighter Value="Delphi"/>
      </Unit21>
      <Unit22>
        <Filename Value="C:\lazarus\components\fpspreadsheet\fpolebasic.pas"/>
        <UnitName Value="fpolebasic"/>
        <EditorIndex Value="5"/>
        <WindowIndex Value="0"/>
        <TopLine Value="39"/>
        <CursorPos X="52" Y="52"/>
        <UsageCount Value="11"/>
        <Loaded Value="True"/>
      </Unit22>
      <Unit23>
        <Filename Value="C:\lazarus\lcl\include\customlistbox.inc"/>
        <EditorIndex Value="2"/>
        <WindowIndex Value="0"/>
        <TopLine Value="179"/>
        <CursorPos X="1" Y="197"/>
        <UsageCount Value="11"/>
        <Loaded Value="True"/>
      </Unit23>
    </Units>
    <JumpHistory Count="30" HistoryIndex="29">
      <Position1>
        <Filename Value="unPrincipal.pas"/>
        <Caret Line="4580" Column="1" TopLine="4570"/>
      </Position1>
      <Position2>
        <Filename Value="unPrincipal.pas"/>
        <Caret Line="4582" Column="1" TopLine="4570"/>
      </Position2>
      <Position3>
        <Filename Value="unPrincipal.pas"/>
        <Caret Line="4583" Column="1" TopLine="4570"/>
      </Position3>
      <Position4>
        <Filename Value="unPrincipal.pas"/>
        <Caret Line="4584" Column="1" TopLine="4570"/>
      </Position4>
      <Position5>
        <Filename Value="unPrincipal.pas"/>
        <Caret Line="4585" Column="1" TopLine="4570"/>
      </Position5>
      <Position6>
        <Filename Value="unPrincipal.pas"/>
        <Caret Line="4586" Column="1" TopLine="4570"/>
      </Position6>
      <Position7>
        <Filename Value="unPrincipal.pas"/>
        <Caret Line="4584" Column="36" TopLine="4570"/>
      </Position7>
      <Position8>
        <Filename Value="unPrincipal.pas"/>
        <Caret Line="4586" Column="21" TopLine="4566"/>
      </Position8>
      <Position9>
        <Filename Value="unPrincipal.pas"/>
        <Caret Line="4577" Column="1" TopLine="4566"/>
      </Position9>
      <Position10>
        <Filename Value="unPrincipal.pas"/>
        <Caret Line="4579" Column="1" TopLine="4566"/>
      </Position10>
      <Position11>
        <Filename Value="unPrincipal.pas"/>
        <Caret Line="4581" Column="1" TopLine="4566"/>
      </Position11>
      <Position12>
        <Filename Value="unPrincipal.pas"/>
        <Caret Line="4582" Column="1" TopLine="4566"/>
      </Position12>
      <Position13>
        <Filename Value="unPrincipal.pas"/>
        <Caret Line="4581" Column="13" TopLine="4566"/>
      </Position13>
      <Position14>
        <Filename Value="unPrincipal.pas"/>
        <Caret Line="4577" Column="1" TopLine="4566"/>
      </Position14>
      <Position15>
        <Filename Value="unPrincipal.pas"/>
        <Caret Line="4579" Column="1" TopLine="4566"/>
      </Position15>
      <Position16>
        <Filename Value="unPrincipal.pas"/>
        <Caret Line="4585" Column="38" TopLine="4566"/>
      </Position16>
      <Position17>
        <Filename Value="unPrincipal.pas"/>
        <Caret Line="4577" Column="1" TopLine="4566"/>
      </Position17>
      <Position18>
        <Filename Value="unPrincipal.pas"/>
        <Caret Line="4579" Column="1" TopLine="4566"/>
      </Position18>
      <Position19>
        <Filename Value="unPrincipal.pas"/>
        <Caret Line="4581" Column="1" TopLine="4566"/>
      </Position19>
      <Position20>
        <Filename Value="unPrincipal.pas"/>
        <Caret Line="4582" Column="1" TopLine="4566"/>
      </Position20>
      <Position21>
        <Filename Value="unPrincipal.pas"/>
        <Caret Line="4603" Column="48" TopLine="4578"/>
      </Position21>
      <Position22>
        <Filename Value="unPrincipal.pas"/>
        <Caret Line="4577" Column="1" TopLine="4559"/>
      </Position22>
      <Position23>
        <Filename Value="unPrincipal.pas"/>
        <Caret Line="4579" Column="1" TopLine="4559"/>
      </Position23>
      <Position24>
        <Filename Value="unPrincipal.pas"/>
        <Caret Line="4581" Column="1" TopLine="4559"/>
      </Position24>
      <Position25>
        <Filename Value="unPrincipal.pas"/>
        <Caret Line="4584" Column="1" TopLine="4559"/>
      </Position25>
      <Position26>
        <Filename Value="unPrincipal.pas"/>
        <Caret Line="4585" Column="1" TopLine="4559"/>
      </Position26>
      <Position27>
        <Filename Value="unPrincipal.pas"/>
        <Caret Line="4586" Column="1" TopLine="4559"/>
      </Position27>
      <Position28>
        <Filename Value="unPrincipal.pas"/>
        <Caret Line="4587" Column="1" TopLine="4559"/>
      </Position28>
      <Position29>
        <Filename Value="unPrincipal.pas"/>
        <Caret Line="4589" Column="1" TopLine="4559"/>
      </Position29>
      <Position30>
        <Filename Value="unPrincipal.pas"/>
        <Caret Line="4590" Column="1" TopLine="4560"/>
      </Position30>
    </JumpHistory>
  </ProjectOptions>
  <CompilerOptions>
    <Version Value="11"/>
    <PathDelim Value="\"/>
    <Target>
      <Filename Value="LancamentoExtrato"/>
    </Target>
    <SearchPaths>
      <IncludeFiles Value="$(ProjOutDir)"/>
      <UnitOutputDirectory Value="lib\$(TargetCPU)-$(TargetOS)"/>
    </SearchPaths>
    <Linking>
      <Options>
        <Win32>
          <GraphicApplication Value="True"/>
        </Win32>
      </Options>
    </Linking>
    <Other>
      <CompilerPath Value="$(CompPath)"/>
    </Other>
  </CompilerOptions>
  <Debugging>
    <BreakPoints Count="1">
      <Item1>
        <Kind Value="bpkSource"/>
        <WatchScope Value="wpsLocal"/>
        <WatchKind Value="wpkWrite"/>
        <Source Value="unPrincipal.pas"/>
        <Line Value="4577"/>
      </Item1>
    </BreakPoints>
    <Watches Count="15">
      <Item1>
        <Expression Value="DataModule1.Conexao"/>
        <Enabled Value="False"/>
      </Item1>
      <Item2>
        <Expression Value="lComando"/>
        <Enabled Value="False"/>
      </Item2>
      <Item3>
        <Expression Value="FIndexFields"/>
        <Enabled Value="False"/>
      </Item3>
      <Item4>
        <Expression Value="DataModule1.MascaraPlanoContas"/>
      </Item4>
      <Item5>
        <Expression Value="EZSQLException"/>
        <Enabled Value="False"/>
      </Item5>
      <Item6>
        <Expression Value="DataModule1.GravarListaCampos"/>
        <Enabled Value="False"/>
      </Item6>
      <Item7>
        <Expression Value="AWinControl"/>
        <Enabled Value="False"/>
      </Item7>
      <Item8>
        <Expression Value="CamposLayout"/>
        <Enabled Value="False"/>
      </Item8>
      <Item9>
        <Expression Value="DataModule1.qPlanoContas"/>
        <Enabled Value="False"/>
      </Item9>
      <Item10>
        <Expression Value="bounds"/>
        <Enabled Value="False"/>
      </Item10>
      <Item11>
        <Expression Value="qExecutar.ExecSQL"/>
        <Enabled Value="False"/>
      </Item11>
      <Item12>
        <Expression Value="State"/>
        <Enabled Value="False"/>
      </Item12>
      <Item13>
        <Expression Value="ControlStyle"/>
        <Enabled Value="False"/>
      </Item13>
      <Item14>
        <Expression Value="(lTam - i) mod 3"/>
      </Item14>
      <Item15>
        <Expression Value="lCombo.ItemIndex"/>
        <DisplayStyle Value="wdfString"/>
      </Item15>
    </Watches>
    <Exceptions Count="3">
      <Item1>
        <Name Value="EAbort"/>
      </Item1>
      <Item2>
        <Name Value="ECodetoolError"/>
      </Item2>
      <Item3>
        <Name Value="EFOpenError"/>
      </Item3>
    </Exceptions>
  </Debugging>
</CONFIG>
