<?xml version="1.0"?>
<CONFIG>
  <ProjectOptions>
    <Version Value="9"/>
    <PathDelim Value="\"/>
    <General>
      <MainUnit Value="0"/>
      <ResourceType Value="res"/>
      <UseXPManifest Value="True"/>
      <Icon Value="0"/>
      <ActiveWindowIndexAtStart Value="0"/>
    </General>
    <i18n>
      <EnableI18N LFM="False"/>
    </i18n>
    <VersionInfo>
      <StringTable ProductVersion=""/>
    </VersionInfo>
    <BuildModes Count="1" Active="Default">
      <Item1 Name="Default" Default="True"/>
    </BuildModes>
    <PublishOptions>
      <Version Value="2"/>
      <IncludeFileFilter Value="*.(pas|pp|inc|lfm|lpr|lrs|lpi|lpk|sh|xml)"/>
      <ExcludeFileFilter Value="*.(bak|ppu|o|so);*~;backup"/>
    </PublishOptions>
    <RunParams>
      <local>
        <FormatVersion Value="1"/>
      </local>
    </RunParams>
    <RequiredPackages Count="5">
      <Item1>
        <PackageName Value="RunTimeTypeInfoControls"/>
        <MinVersion Minor="1" Valid="True"/>
      </Item1>
      <Item2>
        <PackageName Value="LazControls"/>
        <MinVersion Valid="True"/>
      </Item2>
      <Item3>
        <PackageName Value="FCL"/>
        <MinVersion Major="1" Valid="True"/>
      </Item3>
      <Item4>
        <PackageName Value="zcomponent"/>
        <MinVersion Major="7" Valid="True"/>
      </Item4>
      <Item5>
        <PackageName Value="LCL"/>
      </Item5>
    </RequiredPackages>
    <Units Count="29">
      <Unit0>
        <Filename Value="LancamentoExtrato.lpr"/>
        <IsPartOfProject Value="True"/>
        <UnitName Value="LancamentoExtrato"/>
        <WindowIndex Value="0"/>
        <TopLine Value="1"/>
        <CursorPos X="39" Y="13"/>
        <UsageCount Value="208"/>
      </Unit0>
      <Unit1>
        <Filename Value="unPrincipal.pas"/>
        <IsPartOfProject Value="True"/>
        <ComponentName Value="frmPrincipal"/>
        <ResourceBaseClass Value="Form"/>
        <UnitName Value="unPrincipal"/>
        <IsVisibleTab Value="True"/>
        <EditorIndex Value="0"/>
        <WindowIndex Value="0"/>
        <TopLine Value="1998"/>
        <CursorPos X="5" Y="2000"/>
        <UsageCount Value="208"/>
        <Bookmarks Count="2">
          <Item0 X="3" Y="1801" ID="2"/>
          <Item1 X="3" Y="1834" ID="1"/>
        </Bookmarks>
        <Loaded Value="True"/>
        <LoadedDesigner Value="True"/>
      </Unit1>
      <Unit2>
        <Filename Value="unDataModule.pas"/>
        <IsPartOfProject Value="True"/>
        <ComponentName Value="DataModule1"/>
        <ResourceBaseClass Value="DataModule"/>
        <UnitName Value="unDataModule"/>
        <EditorIndex Value="5"/>
        <WindowIndex Value="0"/>
        <TopLine Value="208"/>
        <CursorPos X="28" Y="210"/>
        <UsageCount Value="208"/>
        <Bookmarks Count="3">
          <Item0 X="26" Y="465" ID="3"/>
          <Item1 X="28" Y="419" ID="4"/>
          <Item2 X="3" Y="314" ID="9"/>
        </Bookmarks>
        <Loaded Value="True"/>
        <LoadedDesigner Value="True"/>
      </Unit2>
      <Unit3>
        <Filename Value="D:\Intaladores\ZEOSDBO-7.0.3-stable\src\dbc\ZDbcInterbase6Utils.pas"/>
        <UnitName Value="ZDbcInterbase6Utils"/>
        <WindowIndex Value="0"/>
        <TopLine Value="813"/>
        <CursorPos X="34" Y="821"/>
        <UsageCount Value="7"/>
      </Unit3>
      <Unit4>
        <Filename Value="unListaCodigo.pas"/>
        <IsPartOfProject Value="True"/>
        <UnitName Value="unListaCodigo"/>
        <WindowIndex Value="0"/>
        <TopLine Value="36"/>
        <CursorPos X="21" Y="67"/>
        <UsageCount Value="200"/>
      </Unit4>
      <Unit5>
        <Filename Value="unGarbageCollector.pas"/>
        <IsPartOfProject Value="True"/>
        <UnitName Value="unGarbageCollector"/>
        <WindowIndex Value="0"/>
        <TopLine Value="1"/>
        <CursorPos X="29" Y="17"/>
        <UsageCount Value="201"/>
      </Unit5>
      <Unit6>
        <Filename Value="unUtilitario.pas"/>
        <IsPartOfProject Value="True"/>
        <UnitName Value="unUtilitario"/>
        <EditorIndex Value="2"/>
        <WindowIndex Value="0"/>
        <TopLine Value="15"/>
        <CursorPos X="24" Y="34"/>
        <UsageCount Value="204"/>
        <Loaded Value="True"/>
      </Unit6>
      <Unit7>
        <Filename Value="D:\Intaladores\ZEOSDBO-7.0.3-stable\src\component\ZAbstractRODataset.pas"/>
        <UnitName Value="ZAbstractRODataset"/>
        <WindowIndex Value="0"/>
        <TopLine Value="2865"/>
        <CursorPos X="1" Y="2886"/>
        <UsageCount Value="6"/>
      </Unit7>
      <Unit8>
        <Filename Value="D:\Intaladores\ZEOSDBO-7.0.3-stable\src\component\ZDatasetUtils.pas"/>
        <UnitName Value="ZDatasetUtils"/>
        <WindowIndex Value="0"/>
        <TopLine Value="582"/>
        <CursorPos X="18" Y="594"/>
        <UsageCount Value="6"/>
      </Unit8>
      <Unit9>
        <Filename Value="D:\Intaladores\ZEOSDBO-7.0.3-stable\src\dbc\ZDbcInterbase6.pas"/>
        <UnitName Value="ZDbcInterbase6"/>
        <WindowIndex Value="0"/>
        <TopLine Value="687"/>
        <CursorPos X="1" Y="708"/>
        <UsageCount Value="6"/>
      </Unit9>
      <Unit10>
        <Filename Value="C:\lazarus\components\zeoslib\src\component\ZAbstractRODataset.pas"/>
        <UnitName Value="ZAbstractRODataset"/>
        <WindowIndex Value="0"/>
        <TopLine Value="2388"/>
        <CursorPos X="43" Y="2407"/>
        <UsageCount Value="10"/>
        <DefaultSyntaxHighlighter Value="Delphi"/>
      </Unit10>
      <Unit11>
        <Filename Value="unApresentacao.pas"/>
        <IsPartOfProject Value="True"/>
        <ComponentName Value="Apresentacao"/>
        <ResourceBaseClass Value="Frame"/>
        <UnitName Value="unApresentacao"/>
        <WindowIndex Value="0"/>
        <TopLine Value="1"/>
        <CursorPos X="11" Y="17"/>
        <UsageCount Value="195"/>
      </Unit11>
      <Unit12>
        <Filename Value="C:\lazarus\lcl\dialogs.pp"/>
        <UnitName Value="Dialogs"/>
        <WindowIndex Value="0"/>
        <TopLine Value="468"/>
        <CursorPos X="10" Y="489"/>
        <UsageCount Value="6"/>
      </Unit12>
      <Unit13>
        <Filename Value="C:\lazarus\lcl\include\messagedialogs.inc"/>
        <WindowIndex Value="0"/>
        <TopLine Value="96"/>
        <CursorPos X="39" Y="118"/>
        <UsageCount Value="6"/>
      </Unit13>
      <Unit14>
        <Filename Value="C:\lazarus\lcl\controls.pp"/>
        <UnitName Value="Controls"/>
        <WindowIndex Value="0"/>
        <TopLine Value="35"/>
        <CursorPos X="3" Y="56"/>
        <UsageCount Value="5"/>
      </Unit14>
      <Unit15>
        <Filename Value="unNovoCampo.pas"/>
        <IsPartOfProject Value="True"/>
        <ComponentName Value="frmNovoCampo"/>
        <ResourceBaseClass Value="Form"/>
        <UnitName Value="unNovoCampo"/>
        <EditorIndex Value="6"/>
        <WindowIndex Value="0"/>
        <TopLine Value="11"/>
        <CursorPos X="32" Y="27"/>
        <UsageCount Value="93"/>
        <Loaded Value="True"/>
        <LoadedDesigner Value="True"/>
      </Unit15>
      <Unit16>
        <Filename Value="C:\lazarus\lcl\include\customform.inc"/>
        <WindowIndex Value="0"/>
        <TopLine Value="1727"/>
        <CursorPos X="28" Y="1736"/>
        <UsageCount Value="8"/>
      </Unit16>
      <Unit17>
        <Filename Value="C:\lazarus\lcl\interfaces\win32\win32listsl.inc"/>
        <WindowIndex Value="0"/>
        <TopLine Value="151"/>
        <CursorPos X="33" Y="162"/>
        <UsageCount Value="5"/>
      </Unit17>
      <Unit18>
        <Filename Value="C:\lazarus\lcl\include\progressbar.inc"/>
        <WindowIndex Value="0"/>
        <TopLine Value="243"/>
        <CursorPos X="36" Y="258"/>
        <UsageCount Value="5"/>
      </Unit18>
      <Unit19>
        <Filename Value="C:\lazarus\lcl\include\wincontrol.inc"/>
        <WindowIndex Value="0"/>
        <TopLine Value="6397"/>
        <CursorPos X="13" Y="6403"/>
        <UsageCount Value="5"/>
      </Unit19>
      <Unit20>
        <Filename Value="..\..\Intaladores\ZEOSDBO-7.0.3-stable\src\dbc\ZDbcInterbase6Utils.pas"/>
        <UnitName Value="ZDbcInterbase6Utils"/>
        <WindowIndex Value="0"/>
        <TopLine Value="813"/>
        <CursorPos X="65" Y="832"/>
        <UsageCount Value="21"/>
      </Unit20>
      <Unit21>
        <Filename Value="unConsultar.pas"/>
        <IsPartOfProject Value="True"/>
        <ComponentName Value="frmConsultar"/>
        <ResourceBaseClass Value="Form"/>
        <UnitName Value="unConsultar"/>
        <EditorIndex Value="3"/>
        <WindowIndex Value="0"/>
        <TopLine Value="34"/>
        <CursorPos X="23" Y="54"/>
        <UsageCount Value="63"/>
        <Loaded Value="True"/>
        <LoadedDesigner Value="True"/>
      </Unit21>
      <Unit22>
        <Filename Value="unConsultarPlanoContas.pas"/>
        <IsPartOfProject Value="True"/>
        <ComponentName Value="frmConsultarPlanoContas"/>
        <ResourceBaseClass Value="Form"/>
        <UnitName Value="unConsultarPlanoContas"/>
        <EditorIndex Value="4"/>
        <WindowIndex Value="0"/>
        <TopLine Value="1"/>
        <CursorPos X="26" Y="21"/>
        <UsageCount Value="62"/>
        <Loaded Value="True"/>
        <LoadedDesigner Value="True"/>
      </Unit22>
      <Unit23>
        <Filename Value="..\..\Intaladores\Componentes Lazarus\ajlaz-ctrls\ajtooledit.pas"/>
        <UnitName Value="ajtooledit"/>
        <WindowIndex Value="0"/>
        <TopLine Value="1"/>
        <CursorPos X="18" Y="10"/>
        <UsageCount Value="7"/>
      </Unit23>
      <Unit24>
        <Filename Value="..\..\Intaladores\ZEOSDBO-7.0.3-stable\src\dbc\ZDbcCache.pas"/>
        <UnitName Value="ZDbcCache"/>
        <WindowIndex Value="0"/>
        <TopLine Value="680"/>
        <CursorPos X="30" Y="706"/>
        <UsageCount Value="20"/>
      </Unit24>
      <Unit25>
        <Filename Value="C:\lazarus\lcl\checklst.pas"/>
        <UnitName Value="CheckLst"/>
        <WindowIndex Value="0"/>
        <TopLine Value="1"/>
        <CursorPos X="22" Y="27"/>
        <UsageCount Value="16"/>
      </Unit25>
      <Unit26>
        <Filename Value="C:\lazarus\components\zeoslib\src\dbc\ZDbcInterbase6Utils.pas"/>
        <UnitName Value="ZDbcInterbase6Utils"/>
        <WindowIndex Value="0"/>
        <TopLine Value="813"/>
        <CursorPos X="35" Y="832"/>
        <UsageCount Value="11"/>
        <DefaultSyntaxHighlighter Value="Delphi"/>
      </Unit26>
      <Unit27>
        <Filename Value="C:\lazarus\components\zeoslib\src\dbc\ZDbcCache.pas"/>
        <UnitName Value="ZDbcCache"/>
        <WindowIndex Value="0"/>
        <TopLine Value="680"/>
        <CursorPos X="60" Y="695"/>
        <UsageCount Value="10"/>
        <DefaultSyntaxHighlighter Value="Delphi"/>
      </Unit27>
      <Unit28>
        <Filename Value="C:\lazarus\components\zeoslib\src\dbc\ZDbcUtils.pas"/>
        <UnitName Value="ZDbcUtils"/>
        <EditorIndex Value="1"/>
        <WindowIndex Value="0"/>
        <TopLine Value="332"/>
        <CursorPos X="23" Y="352"/>
        <UsageCount Value="10"/>
        <Loaded Value="True"/>
        <DefaultSyntaxHighlighter Value="Delphi"/>
      </Unit28>
    </Units>
    <JumpHistory Count="30" HistoryIndex="29">
      <Position1>
        <Filename Value="unPrincipal.pas"/>
        <Caret Line="1780" Column="47" TopLine="1752"/>
      </Position1>
      <Position2>
        <Filename Value="unPrincipal.pas"/>
        <Caret Line="1779" Column="1" TopLine="1752"/>
      </Position2>
      <Position3>
        <Filename Value="unPrincipal.pas"/>
        <Caret Line="1782" Column="1" TopLine="1752"/>
      </Position3>
      <Position4>
        <Filename Value="unPrincipal.pas"/>
        <Caret Line="1779" Column="1" TopLine="1752"/>
      </Position4>
      <Position5>
        <Filename Value="unPrincipal.pas"/>
        <Caret Line="1780" Column="1" TopLine="1752"/>
      </Position5>
      <Position6>
        <Filename Value="unPrincipal.pas"/>
        <Caret Line="1782" Column="1" TopLine="1752"/>
      </Position6>
      <Position7>
        <Filename Value="unPrincipal.pas"/>
        <Caret Line="1784" Column="1" TopLine="1752"/>
      </Position7>
      <Position8>
        <Filename Value="unPrincipal.pas"/>
        <Caret Line="1786" Column="15" TopLine="1752"/>
      </Position8>
      <Position9>
        <Filename Value="unPrincipal.pas"/>
        <Caret Line="1788" Column="23" TopLine="1758"/>
      </Position9>
      <Position10>
        <Filename Value="unPrincipal.pas"/>
        <Caret Line="1775" Column="13" TopLine="1758"/>
      </Position10>
      <Position11>
        <Filename Value="unPrincipal.pas"/>
        <Caret Line="1779" Column="1" TopLine="1758"/>
      </Position11>
      <Position12>
        <Filename Value="unPrincipal.pas"/>
        <Caret Line="1782" Column="1" TopLine="1758"/>
      </Position12>
      <Position13>
        <Filename Value="unPrincipal.pas"/>
        <Caret Line="1779" Column="5" TopLine="1758"/>
      </Position13>
      <Position14>
        <Filename Value="unPrincipal.pas"/>
        <Caret Line="1777" Column="27" TopLine="1758"/>
      </Position14>
      <Position15>
        <Filename Value="unPrincipal.pas"/>
        <Caret Line="1781" Column="1" TopLine="1758"/>
      </Position15>
      <Position16>
        <Filename Value="unPrincipal.pas"/>
        <Caret Line="1783" Column="1" TopLine="1758"/>
      </Position16>
      <Position17>
        <Filename Value="unPrincipal.pas"/>
        <Caret Line="1779" Column="1" TopLine="1758"/>
      </Position17>
      <Position18>
        <Filename Value="unPrincipal.pas"/>
        <Caret Line="1781" Column="1" TopLine="1758"/>
      </Position18>
      <Position19>
        <Filename Value="unPrincipal.pas"/>
        <Caret Line="1785" Column="19" TopLine="1758"/>
      </Position19>
      <Position20>
        <Filename Value="unPrincipal.pas"/>
        <Caret Line="1804" Column="17" TopLine="1794"/>
      </Position20>
      <Position21>
        <Filename Value="unPrincipal.pas"/>
        <Caret Line="1805" Column="9" TopLine="1783"/>
      </Position21>
      <Position22>
        <Filename Value="unPrincipal.pas"/>
        <Caret Line="1966" Column="14" TopLine="1963"/>
      </Position22>
      <Position23>
        <Filename Value="unPrincipal.pas"/>
        <Caret Line="1790" Column="17" TopLine="1762"/>
      </Position23>
      <Position24>
        <Filename Value="unPrincipal.pas"/>
        <Caret Line="1825" Column="21" TopLine="1809"/>
      </Position24>
      <Position25>
        <Filename Value="unPrincipal.pas"/>
        <Caret Line="340" Column="30" TopLine="318"/>
      </Position25>
      <Position26>
        <Filename Value="unPrincipal.pas"/>
        <Caret Line="1846" Column="55" TopLine="1812"/>
      </Position26>
      <Position27>
        <Filename Value="unPrincipal.pas"/>
        <Caret Line="225" Column="37" TopLine="196"/>
      </Position27>
      <Position28>
        <Filename Value="unPrincipal.pas"/>
        <Caret Line="2007" Column="7" TopLine="1996"/>
      </Position28>
      <Position29>
        <Filename Value="unPrincipal.pas"/>
        <Caret Line="2002" Column="5" TopLine="1999"/>
      </Position29>
      <Position30>
        <Filename Value="unPrincipal.pas"/>
        <Caret Line="217" Column="39" TopLine="186"/>
      </Position30>
    </JumpHistory>
  </ProjectOptions>
  <CompilerOptions>
    <Version Value="9"/>
    <PathDelim Value="\"/>
    <Target>
      <Filename Value="LancamentoExtrato"/>
    </Target>
    <SearchPaths>
      <IncludeFiles Value="$(ProjOutDir)"/>
      <UnitOutputDirectory Value="lib\$(TargetCPU)-$(TargetOS)"/>
    </SearchPaths>
    <Linking>
      <Options>
        <Win32>
          <GraphicApplication Value="True"/>
        </Win32>
      </Options>
    </Linking>
    <Other>
      <CompilerPath Value="$(CompPath)"/>
    </Other>
  </CompilerOptions>
  <Debugging>
    <Watches Count="11">
      <Item1>
        <Expression Value="DataModule1.Conexao"/>
        <Enabled Value="False"/>
      </Item1>
      <Item2>
        <Expression Value="lComando"/>
        <Enabled Value="False"/>
      </Item2>
      <Item3>
        <Expression Value="FIndexFields"/>
        <Enabled Value="False"/>
      </Item3>
      <Item4>
        <Expression Value="DataModule1.MascaraPlanoContas"/>
        <Enabled Value="False"/>
      </Item4>
      <Item5>
        <Expression Value="EZSQLException"/>
        <Enabled Value="False"/>
      </Item5>
      <Item6>
        <Expression Value="DataModule1.GravarListaCampos"/>
        <Enabled Value="False"/>
      </Item6>
      <Item7>
        <Expression Value="AWinControl"/>
        <Enabled Value="False"/>
      </Item7>
      <Item8>
        <Expression Value="CamposLayout"/>
        <Enabled Value="False"/>
      </Item8>
      <Item9>
        <Expression Value="DataModule1.qPlanoContas"/>
        <Enabled Value="False"/>
      </Item9>
      <Item10>
        <Expression Value="bounds"/>
        <Enabled Value="False"/>
      </Item10>
      <Item11>
        <Expression Value="qExecutar.ExecSQL"/>
        <Enabled Value="False"/>
      </Item11>
    </Watches>
    <Exceptions Count="3">
      <Item1>
        <Name Value="EAbort"/>
      </Item1>
      <Item2>
        <Name Value="ECodetoolError"/>
      </Item2>
      <Item3>
        <Name Value="EFOpenError"/>
      </Item3>
    </Exceptions>
  </Debugging>
</CONFIG>
